
Microsoft Visual Studio Solution File, Format Version 12.00
# Visual Studio 14
VisualStudioVersion = 14.0.25123.0
MinimumVisualStudioVersion = 10.0.40219.1
Project("{2150E333-8FDC-42A3-9474-1A3956D46DE8}") = "Apps", "Apps", "{92798297-29BA-47F9-BC1B-91A13E37467E}"
EndProject
Project("{2150E333-8FDC-42A3-9474-1A3956D46DE8}") = "Shares", "Shares", "{7D1C21DD-6430-4408-B713-9F3AB16B69F6}"
EndProject
Project("{FAE04EC0-301F-11D3-BF4B-00C04F79EFBC}") = "Android", "Apps\Android\Android.csproj", "{F43D395C-AA7F-4EFD-AAF5-36D3E4408A42}"
EndProject
Project("{FAE04EC0-301F-11D3-BF4B-00C04F79EFBC}") = "iOS", "Apps\iOS\iOS.csproj", "{CC8D30E2-83A1-4283-BA3B-6CEB2FB1E7CE}"
EndProject
Project("{FAE04EC0-301F-11D3-BF4B-00C04F79EFBC}") = "Windows", "Apps\Windows\Windows.csproj", "{27887D2B-A639-4BFA-B66C-328AF8877FB9}"
EndProject
Project("{FAE04EC0-301F-11D3-BF4B-00C04F79EFBC}") = "Core", "Shares\Core\Core.csproj", "{98C072E8-5DE9-4654-B545-708520E2DDDD}"
EndProject
Global
	GlobalSection(SolutionConfigurationPlatforms) = preSolution
		AppStore|Any CPU = AppStore|Any CPU
		AppStore|ARM = AppStore|ARM
		AppStore|iPhone = AppStore|iPhone
		AppStore|iPhoneSimulator = AppStore|iPhoneSimulator
		AppStore|x64 = AppStore|x64
		AppStore|x86 = AppStore|x86
		Debug|Any CPU = Debug|Any CPU
		Debug|ARM = Debug|ARM
		Debug|iPhone = Debug|iPhone
		Debug|iPhoneSimulator = Debug|iPhoneSimulator
		Debug|x64 = Debug|x64
		Debug|x86 = Debug|x86
		Release|Any CPU = Release|Any CPU
		Release|ARM = Release|ARM
		Release|iPhone = Release|iPhone
		Release|iPhoneSimulator = Release|iPhoneSimulator
		Release|x64 = Release|x64
		Release|x86 = Release|x86
	EndGlobalSection
	GlobalSection(ProjectConfigurationPlatforms) = postSolution
		{F43D395C-AA7F-4EFD-AAF5-36D3E4408A42}.AppStore|Any CPU.ActiveCfg = Release|Any CPU
		{F43D395C-AA7F-4EFD-AAF5-36D3E4408A42}.AppStore|Any CPU.Build.0 = Release|Any CPU
		{F43D395C-AA7F-4EFD-AAF5-36D3E4408A42}.AppStore|Any CPU.Deploy.0 = Release|Any CPU
		{F43D395C-AA7F-4EFD-AAF5-36D3E4408A42}.AppStore|ARM.ActiveCfg = Release|Any CPU
		{F43D395C-AA7F-4EFD-AAF5-36D3E4408A42}.AppStore|ARM.Build.0 = Release|Any CPU
		{F43D395C-AA7F-4EFD-AAF5-36D3E4408A42}.AppStore|ARM.Deploy.0 = Release|Any CPU
		{F43D395C-AA7F-4EFD-AAF5-36D3E4408A42}.AppStore|iPhone.ActiveCfg = Release|Any CPU
		{F43D395C-AA7F-4EFD-AAF5-36D3E4408A42}.AppStore|iPhone.Build.0 = Release|Any CPU
		{F43D395C-AA7F-4EFD-AAF5-36D3E4408A42}.AppStore|iPhone.Deploy.0 = Release|Any CPU
		{F43D395C-AA7F-4EFD-AAF5-36D3E4408A42}.AppStore|iPhoneSimulator.ActiveCfg = Release|Any CPU
		{F43D395C-AA7F-4EFD-AAF5-36D3E4408A42}.AppStore|iPhoneSimulator.Build.0 = Release|Any CPU
		{F43D395C-AA7F-4EFD-AAF5-36D3E4408A42}.AppStore|iPhoneSimulator.Deploy.0 = Release|Any CPU
		{F43D395C-AA7F-4EFD-AAF5-36D3E4408A42}.AppStore|x64.ActiveCfg = Release|Any CPU
		{F43D395C-AA7F-4EFD-AAF5-36D3E4408A42}.AppStore|x64.Build.0 = Release|Any CPU
		{F43D395C-AA7F-4EFD-AAF5-36D3E4408A42}.AppStore|x64.Deploy.0 = Release|Any CPU
		{F43D395C-AA7F-4EFD-AAF5-36D3E4408A42}.AppStore|x86.ActiveCfg = Release|Any CPU
		{F43D395C-AA7F-4EFD-AAF5-36D3E4408A42}.AppStore|x86.Build.0 = Release|Any CPU
		{F43D395C-AA7F-4EFD-AAF5-36D3E4408A42}.AppStore|x86.Deploy.0 = Release|Any CPU
		{F43D395C-AA7F-4EFD-AAF5-36D3E4408A42}.Debug|Any CPU.ActiveCfg = Debug|Any CPU
		{F43D395C-AA7F-4EFD-AAF5-36D3E4408A42}.Debug|Any CPU.Build.0 = Debug|Any CPU
		{F43D395C-AA7F-4EFD-AAF5-36D3E4408A42}.Debug|Any CPU.Deploy.0 = Debug|Any CPU
		{F43D395C-AA7F-4EFD-AAF5-36D3E4408A42}.Debug|ARM.ActiveCfg = Debug|Any CPU
		{F43D395C-AA7F-4EFD-AAF5-36D3E4408A42}.Debug|ARM.Build.0 = Debug|Any CPU
		{F43D395C-AA7F-4EFD-AAF5-36D3E4408A42}.Debug|ARM.Deploy.0 = Debug|Any CPU
		{F43D395C-AA7F-4EFD-AAF5-36D3E4408A42}.Debug|iPhone.ActiveCfg = Debug|Any CPU
		{F43D395C-AA7F-4EFD-AAF5-36D3E4408A42}.Debug|iPhone.Build.0 = Debug|Any CPU
		{F43D395C-AA7F-4EFD-AAF5-36D3E4408A42}.Debug|iPhone.Deploy.0 = Debug|Any CPU
		{F43D395C-AA7F-4EFD-AAF5-36D3E4408A42}.Debug|iPhoneSimulator.ActiveCfg = Debug|Any CPU
		{F43D395C-AA7F-4EFD-AAF5-36D3E4408A42}.Debug|iPhoneSimulator.Build.0 = Debug|Any CPU
		{F43D395C-AA7F-4EFD-AAF5-36D3E4408A42}.Debug|iPhoneSimulator.Deploy.0 = Debug|Any CPU
		{F43D395C-AA7F-4EFD-AAF5-36D3E4408A42}.Debug|x64.ActiveCfg = Debug|Any CPU
		{F43D395C-AA7F-4EFD-AAF5-36D3E4408A42}.Debug|x64.Build.0 = Debug|Any CPU
		{F43D395C-AA7F-4EFD-AAF5-36D3E4408A42}.Debug|x64.Deploy.0 = Debug|Any CPU
		{F43D395C-AA7F-4EFD-AAF5-36D3E4408A42}.Debug|x86.ActiveCfg = Debug|Any CPU
		{F43D395C-AA7F-4EFD-AAF5-36D3E4408A42}.Debug|x86.Build.0 = Debug|Any CPU
		{F43D395C-AA7F-4EFD-AAF5-36D3E4408A42}.Debug|x86.Deploy.0 = Debug|Any CPU
		{F43D395C-AA7F-4EFD-AAF5-36D3E4408A42}.Release|Any CPU.ActiveCfg = Release|Any CPU
		{F43D395C-AA7F-4EFD-AAF5-36D3E4408A42}.Release|Any CPU.Build.0 = Release|Any CPU
		{F43D395C-AA7F-4EFD-AAF5-36D3E4408A42}.Release|Any CPU.Deploy.0 = Release|Any CPU
		{F43D395C-AA7F-4EFD-AAF5-36D3E4408A42}.Release|ARM.ActiveCfg = Release|Any CPU
		{F43D395C-AA7F-4EFD-AAF5-36D3E4408A42}.Release|ARM.Build.0 = Release|Any CPU
		{F43D395C-AA7F-4EFD-AAF5-36D3E4408A42}.Release|ARM.Deploy.0 = Release|Any CPU
		{F43D395C-AA7F-4EFD-AAF5-36D3E4408A42}.Release|iPhone.ActiveCfg = Release|Any CPU
		{F43D395C-AA7F-4EFD-AAF5-36D3E4408A42}.Release|iPhone.Build.0 = Release|Any CPU
		{F43D395C-AA7F-4EFD-AAF5-36D3E4408A42}.Release|iPhone.Deploy.0 = Release|Any CPU
		{F43D395C-AA7F-4EFD-AAF5-36D3E4408A42}.Release|iPhoneSimulator.ActiveCfg = Release|Any CPU
		{F43D395C-AA7F-4EFD-AAF5-36D3E4408A42}.Release|iPhoneSimulator.Build.0 = Release|Any CPU
		{F43D395C-AA7F-4EFD-AAF5-36D3E4408A42}.Release|iPhoneSimulator.Deploy.0 = Release|Any CPU
		{F43D395C-AA7F-4EFD-AAF5-36D3E4408A42}.Release|x64.ActiveCfg = Release|Any CPU
		{F43D395C-AA7F-4EFD-AAF5-36D3E4408A42}.Release|x64.Build.0 = Release|Any CPU
		{F43D395C-AA7F-4EFD-AAF5-36D3E4408A42}.Release|x64.Deploy.0 = Release|Any CPU
		{F43D395C-AA7F-4EFD-AAF5-36D3E4408A42}.Release|x86.ActiveCfg = Release|Any CPU
		{F43D395C-AA7F-4EFD-AAF5-36D3E4408A42}.Release|x86.Build.0 = Release|Any CPU
		{F43D395C-AA7F-4EFD-AAF5-36D3E4408A42}.Release|x86.Deploy.0 = Release|Any CPU
		{CC8D30E2-83A1-4283-BA3B-6CEB2FB1E7CE}.AppStore|Any CPU.ActiveCfg = AppStore|iPhone
		{CC8D30E2-83A1-4283-BA3B-6CEB2FB1E7CE}.AppStore|ARM.ActiveCfg = AppStore|iPhone
		{CC8D30E2-83A1-4283-BA3B-6CEB2FB1E7CE}.AppStore|iPhone.ActiveCfg = AppStore|iPhone
		{CC8D30E2-83A1-4283-BA3B-6CEB2FB1E7CE}.AppStore|iPhone.Build.0 = AppStore|iPhone
		{CC8D30E2-83A1-4283-BA3B-6CEB2FB1E7CE}.AppStore|iPhoneSimulator.ActiveCfg = AppStore|iPhoneSimulator
		{CC8D30E2-83A1-4283-BA3B-6CEB2FB1E7CE}.AppStore|iPhoneSimulator.Build.0 = AppStore|iPhoneSimulator
		{CC8D30E2-83A1-4283-BA3B-6CEB2FB1E7CE}.AppStore|x64.ActiveCfg = AppStore|iPhone
		{CC8D30E2-83A1-4283-BA3B-6CEB2FB1E7CE}.AppStore|x86.ActiveCfg = AppStore|iPhone
		{CC8D30E2-83A1-4283-BA3B-6CEB2FB1E7CE}.Debug|Any CPU.ActiveCfg = Debug|iPhone
		{CC8D30E2-83A1-4283-BA3B-6CEB2FB1E7CE}.Debug|ARM.ActiveCfg = Debug|iPhone
		{CC8D30E2-83A1-4283-BA3B-6CEB2FB1E7CE}.Debug|iPhone.ActiveCfg = Debug|iPhone
		{CC8D30E2-83A1-4283-BA3B-6CEB2FB1E7CE}.Debug|iPhone.Build.0 = Debug|iPhone
		{CC8D30E2-83A1-4283-BA3B-6CEB2FB1E7CE}.Debug|iPhoneSimulator.ActiveCfg = Debug|iPhoneSimulator
		{CC8D30E2-83A1-4283-BA3B-6CEB2FB1E7CE}.Debug|iPhoneSimulator.Build.0 = Debug|iPhoneSimulator
		{CC8D30E2-83A1-4283-BA3B-6CEB2FB1E7CE}.Debug|x64.ActiveCfg = Debug|iPhone
		{CC8D30E2-83A1-4283-BA3B-6CEB2FB1E7CE}.Debug|x86.ActiveCfg = Debug|iPhone
		{CC8D30E2-83A1-4283-BA3B-6CEB2FB1E7CE}.Release|Any CPU.ActiveCfg = Release|iPhone
		{CC8D30E2-83A1-4283-BA3B-6CEB2FB1E7CE}.Release|ARM.ActiveCfg = Release|iPhone
		{CC8D30E2-83A1-4283-BA3B-6CEB2FB1E7CE}.Release|iPhone.ActiveCfg = Release|iPhone
		{CC8D30E2-83A1-4283-BA3B-6CEB2FB1E7CE}.Release|iPhone.Build.0 = Release|iPhone
		{CC8D30E2-83A1-4283-BA3B-6CEB2FB1E7CE}.Release|iPhoneSimulator.ActiveCfg = Release|iPhoneSimulator
		{CC8D30E2-83A1-4283-BA3B-6CEB2FB1E7CE}.Release|iPhoneSimulator.Build.0 = Release|iPhoneSimulator
		{CC8D30E2-83A1-4283-BA3B-6CEB2FB1E7CE}.Release|x64.ActiveCfg = Release|iPhone
		{CC8D30E2-83A1-4283-BA3B-6CEB2FB1E7CE}.Release|x86.ActiveCfg = Release|iPhone
		{27887D2B-A639-4BFA-B66C-328AF8877FB9}.AppStore|Any CPU.ActiveCfg = Release|x64
		{27887D2B-A639-4BFA-B66C-328AF8877FB9}.AppStore|Any CPU.Build.0 = Release|x64
		{27887D2B-A639-4BFA-B66C-328AF8877FB9}.AppStore|Any CPU.Deploy.0 = Release|x64
		{27887D2B-A639-4BFA-B66C-328AF8877FB9}.AppStore|ARM.ActiveCfg = Release|ARM
		{27887D2B-A639-4BFA-B66C-328AF8877FB9}.AppStore|ARM.Build.0 = Release|ARM
		{27887D2B-A639-4BFA-B66C-328AF8877FB9}.AppStore|ARM.Deploy.0 = Release|ARM
		{27887D2B-A639-4BFA-B66C-328AF8877FB9}.AppStore|iPhone.ActiveCfg = Release|x64
		{27887D2B-A639-4BFA-B66C-328AF8877FB9}.AppStore|iPhone.Build.0 = Release|x64
		{27887D2B-A639-4BFA-B66C-328AF8877FB9}.AppStore|iPhone.Deploy.0 = Release|x64
		{27887D2B-A639-4BFA-B66C-328AF8877FB9}.AppStore|iPhoneSimulator.ActiveCfg = Release|x64
		{27887D2B-A639-4BFA-B66C-328AF8877FB9}.AppStore|iPhoneSimulator.Build.0 = Release|x64
		{27887D2B-A639-4BFA-B66C-328AF8877FB9}.AppStore|iPhoneSimulator.Deploy.0 = Release|x64
		{27887D2B-A639-4BFA-B66C-328AF8877FB9}.AppStore|x64.ActiveCfg = Release|x64
		{27887D2B-A639-4BFA-B66C-328AF8877FB9}.AppStore|x64.Build.0 = Release|x64
		{27887D2B-A639-4BFA-B66C-328AF8877FB9}.AppStore|x64.Deploy.0 = Release|x64
		{27887D2B-A639-4BFA-B66C-328AF8877FB9}.AppStore|x86.ActiveCfg = Release|x86
		{27887D2B-A639-4BFA-B66C-328AF8877FB9}.AppStore|x86.Build.0 = Release|x86
		{27887D2B-A639-4BFA-B66C-328AF8877FB9}.AppStore|x86.Deploy.0 = Release|x86
		{27887D2B-A639-4BFA-B66C-328AF8877FB9}.Debug|Any CPU.ActiveCfg = Debug|x86
		{27887D2B-A639-4BFA-B66C-328AF8877FB9}.Debug|ARM.ActiveCfg = Debug|ARM
		{27887D2B-A639-4BFA-B66C-328AF8877FB9}.Debug|ARM.Build.0 = Debug|ARM
		{27887D2B-A639-4BFA-B66C-328AF8877FB9}.Debug|ARM.Deploy.0 = Debug|ARM
		{27887D2B-A639-4BFA-B66C-328AF8877FB9}.Debug|iPhone.ActiveCfg = Debug|x86
		{27887D2B-A639-4BFA-B66C-328AF8877FB9}.Debug|iPhoneSimulator.ActiveCfg = Debug|x86
		{27887D2B-A639-4BFA-B66C-328AF8877FB9}.Debug|x64.ActiveCfg = Debug|x64
		{27887D2B-A639-4BFA-B66C-328AF8877FB9}.Debug|x64.Build.0 = Debug|x64
		{27887D2B-A639-4BFA-B66C-328AF8877FB9}.Debug|x64.Deploy.0 = Debug|x64
		{27887D2B-A639-4BFA-B66C-328AF8877FB9}.Debug|x86.ActiveCfg = Debug|x86
		{27887D2B-A639-4BFA-B66C-328AF8877FB9}.Debug|x86.Build.0 = Debug|x86
		{27887D2B-A639-4BFA-B66C-328AF8877FB9}.Debug|x86.Deploy.0 = Debug|x86
		{27887D2B-A639-4BFA-B66C-328AF8877FB9}.Release|Any CPU.ActiveCfg = Release|x86
		{27887D2B-A639-4BFA-B66C-328AF8877FB9}.Release|ARM.ActiveCfg = Release|ARM
		{27887D2B-A639-4BFA-B66C-328AF8877FB9}.Release|ARM.Build.0 = Release|ARM
		{27887D2B-A639-4BFA-B66C-328AF8877FB9}.Release|ARM.Deploy.0 = Release|ARM
		{27887D2B-A639-4BFA-B66C-328AF8877FB9}.Release|iPhone.ActiveCfg = Release|x86
		{27887D2B-A639-4BFA-B66C-328AF8877FB9}.Release|iPhoneSimulator.ActiveCfg = Release|x86
		{27887D2B-A639-4BFA-B66C-328AF8877FB9}.Release|x64.ActiveCfg = Release|x64
		{27887D2B-A639-4BFA-B66C-328AF8877FB9}.Release|x64.Build.0 = Release|x64
		{27887D2B-A639-4BFA-B66C-328AF8877FB9}.Release|x64.Deploy.0 = Release|x64
		{27887D2B-A639-4BFA-B66C-328AF8877FB9}.Release|x86.ActiveCfg = Release|x86
		{27887D2B-A639-4BFA-B66C-328AF8877FB9}.Release|x86.Build.0 = Release|x86
		{27887D2B-A639-4BFA-B66C-328AF8877FB9}.Release|x86.Deploy.0 = Release|x86
		{98C072E8-5DE9-4654-B545-708520E2DDDD}.AppStore|Any CPU.ActiveCfg = Release|Any CPU
		{98C072E8-5DE9-4654-B545-708520E2DDDD}.AppStore|Any CPU.Build.0 = Release|Any CPU
		{98C072E8-5DE9-4654-B545-708520E2DDDD}.AppStore|ARM.ActiveCfg = Release|Any CPU
		{98C072E8-5DE9-4654-B545-708520E2DDDD}.AppStore|ARM.Build.0 = Release|Any CPU
		{98C072E8-5DE9-4654-B545-708520E2DDDD}.AppStore|iPhone.ActiveCfg = Release|Any CPU
		{98C072E8-5DE9-4654-B545-708520E2DDDD}.AppStore|iPhone.Build.0 = Release|Any CPU
		{98C072E8-5DE9-4654-B545-708520E2DDDD}.AppStore|iPhoneSimulator.ActiveCfg = Release|Any CPU
		{98C072E8-5DE9-4654-B545-708520E2DDDD}.AppStore|iPhoneSimulator.Build.0 = Release|Any CPU
		{98C072E8-5DE9-4654-B545-708520E2DDDD}.AppStore|x64.ActiveCfg = Release|Any CPU
		{98C072E8-5DE9-4654-B545-708520E2DDDD}.AppStore|x64.Build.0 = Release|Any CPU
		{98C072E8-5DE9-4654-B545-708520E2DDDD}.AppStore|x86.ActiveCfg = Release|Any CPU
		{98C072E8-5DE9-4654-B545-708520E2DDDD}.AppStore|x86.Build.0 = Release|Any CPU
		{98C072E8-5DE9-4654-B545-708520E2DDDD}.Debug|Any CPU.ActiveCfg = Debug|Any CPU
		{98C072E8-5DE9-4654-B545-708520E2DDDD}.Debug|Any CPU.Build.0 = Debug|Any CPU
		{98C072E8-5DE9-4654-B545-708520E2DDDD}.Debug|ARM.ActiveCfg = Debug|Any CPU
		{98C072E8-5DE9-4654-B545-708520E2DDDD}.Debug|ARM.Build.0 = Debug|Any CPU
		{98C072E8-5DE9-4654-B545-708520E2DDDD}.Debug|iPhone.ActiveCfg = Debug|Any CPU
		{98C072E8-5DE9-4654-B545-708520E2DDDD}.Debug|iPhone.Build.0 = Debug|Any CPU
		{98C072E8-5DE9-4654-B545-708520E2DDDD}.Debug|iPhoneSimulator.ActiveCfg = Debug|Any CPU
		{98C072E8-5DE9-4654-B545-708520E2DDDD}.Debug|iPhoneSimulator.Build.0 = Debug|Any CPU
		{98C072E8-5DE9-4654-B545-708520E2DDDD}.Debug|x64.ActiveCfg = Debug|Any CPU
		{98C072E8-5DE9-4654-B545-708520E2DDDD}.Debug|x64.Build.0 = Debug|Any CPU
		{98C072E8-5DE9-4654-B545-708520E2DDDD}.Debug|x86.ActiveCfg = Debug|Any CPU
		{98C072E8-5DE9-4654-B545-708520E2DDDD}.Debug|x86.Build.0 = Debug|Any CPU
		{98C072E8-5DE9-4654-B545-708520E2DDDD}.Release|Any CPU.ActiveCfg = Release|Any CPU
		{98C072E8-5DE9-4654-B545-708520E2DDDD}.Release|Any CPU.Build.0 = Release|Any CPU
		{98C072E8-5DE9-4654-B545-708520E2DDDD}.Release|ARM.ActiveCfg = Release|Any CPU
		{98C072E8-5DE9-4654-B545-708520E2DDDD}.Release|ARM.Build.0 = Release|Any CPU
		{98C072E8-5DE9-4654-B545-708520E2DDDD}.Release|iPhone.ActiveCfg = Release|Any CPU
		{98C072E8-5DE9-4654-B545-708520E2DDDD}.Release|iPhone.Build.0 = Release|Any CPU
		{98C072E8-5DE9-4654-B545-708520E2DDDD}.Release|iPhoneSimulator.ActiveCfg = Release|Any CPU
		{98C072E8-5DE9-4654-B545-708520E2DDDD}.Release|iPhoneSimulator.Build.0 = Release|Any CPU
		{98C072E8-5DE9-4654-B545-708520E2DDDD}.Release|x64.ActiveCfg = Release|Any CPU
		{98C072E8-5DE9-4654-B545-708520E2DDDD}.Release|x64.Build.0 = Release|Any CPU
		{98C072E8-5DE9-4654-B545-708520E2DDDD}.Release|x86.ActiveCfg = Release|Any CPU
		{98C072E8-5DE9-4654-B545-708520E2DDDD}.Release|x86.Build.0 = Release|Any CPU
	EndGlobalSection
	GlobalSection(SolutionProperties) = preSolution
		HideSolutionNode = FALSE
	EndGlobalSection
	GlobalSection(NestedProjects) = preSolution
		{F43D395C-AA7F-4EFD-AAF5-36D3E4408A42} = {92798297-29BA-47F9-BC1B-91A13E37467E}
		{CC8D30E2-83A1-4283-BA3B-6CEB2FB1E7CE} = {92798297-29BA-47F9-BC1B-91A13E37467E}
		{27887D2B-A639-4BFA-B66C-328AF8877FB9} = {92798297-29BA-47F9-BC1B-91A13E37467E}
		{98C072E8-5DE9-4654-B545-708520E2DDDD} = {7D1C21DD-6430-4408-B713-9F3AB16B69F6}
	EndGlobalSection
EndGlobal
